
Microsoft Visual Studio Solution File, Format Version 12.00
# Visual Studio Version 17
VisualStudioVersion = 17.5.002.0
MinimumVisualStudioVersion = 10.0.40219.1
Project("{9A19103F-16F7-4668-BE54-9A1E7A4F7556}") = "AiGenericPostTool", "AiGenericPostTool.csproj", "{61A92FA4-4FB2-422C-9D66-48910385A464}"
EndProject
Global
	GlobalSection(SolutionConfigurationPlatforms) = preSolution
		Debug|Any CPU = Debug|Any CPU
		Release|Any CPU = Release|Any CPU
	EndGlobalSection
	GlobalSection(ProjectConfigurationPlatforms) = postSolution
		{61A92FA4-4FB2-422C-9D66-48910385A464}.Debug|Any CPU.ActiveCfg = Debug|Any CPU
		{61A92FA4-4FB2-422C-9D66-48910385A464}.Debug|Any CPU.Build.0 = Debug|Any CPU
		{61A92FA4-4FB2-422C-9D66-48910385A464}.Release|Any CPU.ActiveCfg = Release|Any CPU
		{61A92FA4-4FB2-422C-9D66-48910385A464}.Release|Any CPU.Build.0 = Release|Any CPU
	EndGlobalSection
	GlobalSection(SolutionProperties) = preSolution
		HideSolutionNode = FALSE
	EndGlobalSection
	GlobalSection(ExtensibilityGlobals) = postSolution
		SolutionGuid = {60A76625-4474-4D34-A280-3CD479AF4A1B}
	EndGlobalSection
EndGlobal
